
Microsoft Visual Studio Solution File, Format Version 12.00
# Visual Studio Version 17
VisualStudioVersion = 17.14.36915.13
MinimumVisualStudioVersion = 10.0.40219.1
Project("{FAE04EC0-301F-11D3-BF4B-00C04F79EFBC}") = "01Demo", "01Demo\01Demo.csproj", "{FF14B0E4-63B6-4D3B-ABC7-73B0F0EA5A79}"
EndProject
Project("{FAE04EC0-301F-11D3-BF4B-00C04F79EFBC}") = "02Demo", "02Demo\02Demo.csproj", "{0551F81C-EBC1-4462-8FEF-B564731BCFE3}"
EndProject
Project("{FAE04EC0-301F-11D3-BF4B-00C04F79EFBC}") = "03Demo_DataTypes", "03Demo_DataTypes\03Demo_DataTypes.csproj", "{7AC1C938-7C2D-4EB7-8865-E348C9445C9C}"
EndProject
Project("{FAE04EC0-301F-11D3-BF4B-00C04F79EFBC}") = "04Demo_OOP", "04Demo_OOP\04Demo_OOP.csproj", "{58D66B08-735D-42FF-A3FC-27F88F4C05FA}"
EndProject
Project("{FAE04EC0-301F-11D3-BF4B-00C04F79EFBC}") = "05Demo_OOP", "05Demo_OOP\05Demo_OOP.csproj", "{E8020159-7C31-41C7-BE5B-0458A307A11F}"
EndProject
Project("{FAE04EC0-301F-11D3-BF4B-00C04F79EFBC}") = "06Demo_OOP", "06Demo_OOP\06Demo_OOP.csproj", "{89F7207D-D96E-4B87-97BE-B16F1BF102E7}"
EndProject
Project("{FAE04EC0-301F-11D3-BF4B-00C04F79EFBC}") = "07Demo_OOP", "07Demo_OOP\07Demo_OOP.csproj", "{C19DB455-9C1B-4497-95D8-4A51D5A30800}"
EndProject
Project("{FAE04EC0-301F-11D3-BF4B-00C04F79EFBC}") = "08Demo_OOP", "08Demo_OOP\08Demo_OOP.csproj", "{60A3F6F7-7588-4BC5-B7AA-8F519ADB4CF2}"
EndProject
Project("{FAE04EC0-301F-11D3-BF4B-00C04F79EFBC}") = "09Demo_OOP", "09Demo_OOP\09Demo_OOP.csproj", "{B259548A-3E9B-47FB-9BCB-BB41DBDE2330}"
EndProject
Project("{FAE04EC0-301F-11D3-BF4B-00C04F79EFBC}") = "10Demo_OOP", "10Demo_OOP\10Demo_OOP.csproj", "{0618F18F-AB29-490C-86F5-7286E36B8238}"
EndProject
Project("{FAE04EC0-301F-11D3-BF4B-00C04F79EFBC}") = "11Demo_OOP", "11Demo_OOP\11Demo_OOP.csproj", "{FA85C4D2-0242-4951-87A1-EE636F989720}"
EndProject
Project("{FAE04EC0-301F-11D3-BF4B-00C04F79EFBC}") = "12Demo_OOP", "12Demo_OOP\12Demo_OOP.csproj", "{6EFEAD0D-758C-432D-AFDF-2AB1E4111DF7}"
EndProject
Project("{FAE04EC0-301F-11D3-BF4B-00C04F79EFBC}") = "13Demo_OOP", "13Demo_OOP\13Demo_OOP.csproj", "{70DB995A-C341-4378-AE65-61484AB97521}"
EndProject
Project("{FAE04EC0-301F-11D3-BF4B-00C04F79EFBC}") = "14Demo_CMathLib", "14Demo_CMathLib\14Demo_CMathLib.csproj", "{2F6F5171-232C-441E-BFD0-F6FFCBC32DFD}"
EndProject
Project("{FAE04EC0-301F-11D3-BF4B-00C04F79EFBC}") = "15Demo_OOP", "15Demo_OOP\15Demo_OOP.csproj", "{8586F751-A7D1-40F9-B977-AF3E3F7F19A2}"
EndProject
Project("{FAE04EC0-301F-11D3-BF4B-00C04F79EFBC}") = "16Demo_Template", "16Demo_Template\16Demo_Template.csproj", "{FFB07A6E-2A25-4C85-BFF2-0F1B7D28572F}"
EndProject
Project("{FAE04EC0-301F-11D3-BF4B-00C04F79EFBC}") = "17Demo_FormApplication", "17Demo_FormApplication\17Demo_FormApplication.csproj", "{D6BB5F07-C8FF-40F2-AFBD-4195665581CF}"
EndProject
Project("{FAE04EC0-301F-11D3-BF4B-00C04F79EFBC}") = "18Demo_Delegate", "18Demo_Delegate\18Demo_Delegate.csproj", "{5AF34C4B-B1F1-4DC8-903F-C55FDDC05065}"
EndProject
Project("{FAE04EC0-301F-11D3-BF4B-00C04F79EFBC}") = "19Demo_Events_Delegate", "19Demo_Events_Delegate\19Demo_Events_Delegate.csproj", "{D621EA7A-37D7-4962-B27C-5418506F103A}"
EndProject
Project("{FAE04EC0-301F-11D3-BF4B-00C04F79EFBC}") = "20Demo_ObserverDesignPattern", "20Demo_ObserverDesignPattern\20Demo_ObserverDesignPattern.csproj", "{0CCEA56A-7202-46E5-8613-D215FBC786FF}"
EndProject
Project("{FAE04EC0-301F-11D3-BF4B-00C04F79EFBC}") = "21Demo_MulticastDelegate", "21Demo_MulticastDelegate\21Demo_MulticastDelegate.csproj", "{21931A15-E33B-44A8-B5A0-4AE0415ABA48}"
EndProject
Project("{FAE04EC0-301F-11D3-BF4B-00C04F79EFBC}") = "22Demo_Collection", "22Demo_Collection\22Demo_Collection.csproj", "{5A971DF3-8C1C-4CA2-BB48-9A7DB6D91BFC}"
EndProject
Project("{FAE04EC0-301F-11D3-BF4B-00C04F79EFBC}") = "23Demo_Generic", "23Demo_Generic\23Demo_Generic.csproj", "{53EFFAD3-DD71-4EFA-9E8D-72CE16B6AAD7}"
EndProject
Project("{FAE04EC0-301F-11D3-BF4B-00C04F79EFBC}") = "24Demo_Generic", "24Demo_Generic\24Demo_Generic.csproj", "{B6814683-3108-49A9-99AB-FBDE09DFA43E}"
EndProject
Global
	GlobalSection(SolutionConfigurationPlatforms) = preSolution
		Debug|Any CPU = Debug|Any CPU
		Release|Any CPU = Release|Any CPU
	EndGlobalSection
	GlobalSection(ProjectConfigurationPlatforms) = postSolution
		{FF14B0E4-63B6-4D3B-ABC7-73B0F0EA5A79}.Debug|Any CPU.ActiveCfg = Debug|Any CPU
		{FF14B0E4-63B6-4D3B-ABC7-73B0F0EA5A79}.Debug|Any CPU.Build.0 = Debug|Any CPU
		{FF14B0E4-63B6-4D3B-ABC7-73B0F0EA5A79}.Release|Any CPU.ActiveCfg = Release|Any CPU
		{FF14B0E4-63B6-4D3B-ABC7-73B0F0EA5A79}.Release|Any CPU.Build.0 = Release|Any CPU
		{0551F81C-EBC1-4462-8FEF-B564731BCFE3}.Debug|Any CPU.ActiveCfg = Debug|Any CPU
		{0551F81C-EBC1-4462-8FEF-B564731BCFE3}.Debug|Any CPU.Build.0 = Debug|Any CPU
		{0551F81C-EBC1-4462-8FEF-B564731BCFE3}.Release|Any CPU.ActiveCfg = Release|Any CPU
		{0551F81C-EBC1-4462-8FEF-B564731BCFE3}.Release|Any CPU.Build.0 = Release|Any CPU
		{7AC1C938-7C2D-4EB7-8865-E348C9445C9C}.Debug|Any CPU.ActiveCfg = Debug|Any CPU
		{7AC1C938-7C2D-4EB7-8865-E348C9445C9C}.Debug|Any CPU.Build.0 = Debug|Any CPU
		{7AC1C938-7C2D-4EB7-8865-E348C9445C9C}.Release|Any CPU.ActiveCfg = Release|Any CPU
		{7AC1C938-7C2D-4EB7-8865-E348C9445C9C}.Release|Any CPU.Build.0 = Release|Any CPU
		{58D66B08-735D-42FF-A3FC-27F88F4C05FA}.Debug|Any CPU.ActiveCfg = Debug|Any CPU
		{58D66B08-735D-42FF-A3FC-27F88F4C05FA}.Debug|Any CPU.Build.0 = Debug|Any CPU
		{58D66B08-735D-42FF-A3FC-27F88F4C05FA}.Release|Any CPU.ActiveCfg = Release|Any CPU
		{58D66B08-735D-42FF-A3FC-27F88F4C05FA}.Release|Any CPU.Build.0 = Release|Any CPU
		{E8020159-7C31-41C7-BE5B-0458A307A11F}.Debug|Any CPU.ActiveCfg = Debug|Any CPU
		{E8020159-7C31-41C7-BE5B-0458A307A11F}.Debug|Any CPU.Build.0 = Debug|Any CPU
		{E8020159-7C31-41C7-BE5B-0458A307A11F}.Release|Any CPU.ActiveCfg = Release|Any CPU
		{E8020159-7C31-41C7-BE5B-0458A307A11F}.Release|Any CPU.Build.0 = Release|Any CPU
		{89F7207D-D96E-4B87-97BE-B16F1BF102E7}.Debug|Any CPU.ActiveCfg = Debug|Any CPU
		{89F7207D-D96E-4B87-97BE-B16F1BF102E7}.Debug|Any CPU.Build.0 = Debug|Any CPU
		{89F7207D-D96E-4B87-97BE-B16F1BF102E7}.Release|Any CPU.ActiveCfg = Release|Any CPU
		{89F7207D-D96E-4B87-97BE-B16F1BF102E7}.Release|Any CPU.Build.0 = Release|Any CPU
		{C19DB455-9C1B-4497-95D8-4A51D5A30800}.Debug|Any CPU.ActiveCfg = Debug|Any CPU
		{C19DB455-9C1B-4497-95D8-4A51D5A30800}.Debug|Any CPU.Build.0 = Debug|Any CPU
		{C19DB455-9C1B-4497-95D8-4A51D5A30800}.Release|Any CPU.ActiveCfg = Release|Any CPU
		{C19DB455-9C1B-4497-95D8-4A51D5A30800}.Release|Any CPU.Build.0 = Release|Any CPU
		{60A3F6F7-7588-4BC5-B7AA-8F519ADB4CF2}.Debug|Any CPU.ActiveCfg = Debug|Any CPU
		{60A3F6F7-7588-4BC5-B7AA-8F519ADB4CF2}.Debug|Any CPU.Build.0 = Debug|Any CPU
		{60A3F6F7-7588-4BC5-B7AA-8F519ADB4CF2}.Release|Any CPU.ActiveCfg = Release|Any CPU
		{60A3F6F7-7588-4BC5-B7AA-8F519ADB4CF2}.Release|Any CPU.Build.0 = Release|Any CPU
		{B259548A-3E9B-47FB-9BCB-BB41DBDE2330}.Debug|Any CPU.ActiveCfg = Debug|Any CPU
		{B259548A-3E9B-47FB-9BCB-BB41DBDE2330}.Debug|Any CPU.Build.0 = Debug|Any CPU
		{B259548A-3E9B-47FB-9BCB-BB41DBDE2330}.Release|Any CPU.ActiveCfg = Release|Any CPU
		{B259548A-3E9B-47FB-9BCB-BB41DBDE2330}.Release|Any CPU.Build.0 = Release|Any CPU
		{0618F18F-AB29-490C-86F5-7286E36B8238}.Debug|Any CPU.ActiveCfg = Debug|Any CPU
		{0618F18F-AB29-490C-86F5-7286E36B8238}.Debug|Any CPU.Build.0 = Debug|Any CPU
		{0618F18F-AB29-490C-86F5-7286E36B8238}.Release|Any CPU.ActiveCfg = Release|Any CPU
		{0618F18F-AB29-490C-86F5-7286E36B8238}.Release|Any CPU.Build.0 = Release|Any CPU
		{FA85C4D2-0242-4951-87A1-EE636F989720}.Debug|Any CPU.ActiveCfg = Debug|Any CPU
		{FA85C4D2-0242-4951-87A1-EE636F989720}.Debug|Any CPU.Build.0 = Debug|Any CPU
		{FA85C4D2-0242-4951-87A1-EE636F989720}.Release|Any CPU.ActiveCfg = Release|Any CPU
		{FA85C4D2-0242-4951-87A1-EE636F989720}.Release|Any CPU.Build.0 = Release|Any CPU
		{6EFEAD0D-758C-432D-AFDF-2AB1E4111DF7}.Debug|Any CPU.ActiveCfg = Debug|Any CPU
		{6EFEAD0D-758C-432D-AFDF-2AB1E4111DF7}.Debug|Any CPU.Build.0 = Debug|Any CPU
		{6EFEAD0D-758C-432D-AFDF-2AB1E4111DF7}.Release|Any CPU.ActiveCfg = Release|Any CPU
		{6EFEAD0D-758C-432D-AFDF-2AB1E4111DF7}.Release|Any CPU.Build.0 = Release|Any CPU
		{70DB995A-C341-4378-AE65-61484AB97521}.Debug|Any CPU.ActiveCfg = Debug|Any CPU
		{70DB995A-C341-4378-AE65-61484AB97521}.Debug|Any CPU.Build.0 = Debug|Any CPU
		{70DB995A-C341-4378-AE65-61484AB97521}.Release|Any CPU.ActiveCfg = Release|Any CPU
		{70DB995A-C341-4378-AE65-61484AB97521}.Release|Any CPU.Build.0 = Release|Any CPU
		{2F6F5171-232C-441E-BFD0-F6FFCBC32DFD}.Debug|Any CPU.ActiveCfg = Debug|Any CPU
		{2F6F5171-232C-441E-BFD0-F6FFCBC32DFD}.Debug|Any CPU.Build.0 = Debug|Any CPU
		{2F6F5171-232C-441E-BFD0-F6FFCBC32DFD}.Release|Any CPU.ActiveCfg = Release|Any CPU
		{2F6F5171-232C-441E-BFD0-F6FFCBC32DFD}.Release|Any CPU.Build.0 = Release|Any CPU
		{8586F751-A7D1-40F9-B977-AF3E3F7F19A2}.Debug|Any CPU.ActiveCfg = Debug|Any CPU
		{8586F751-A7D1-40F9-B977-AF3E3F7F19A2}.Debug|Any CPU.Build.0 = Debug|Any CPU
		{8586F751-A7D1-40F9-B977-AF3E3F7F19A2}.Release|Any CPU.ActiveCfg = Release|Any CPU
		{8586F751-A7D1-40F9-B977-AF3E3F7F19A2}.Release|Any CPU.Build.0 = Release|Any CPU
		{FFB07A6E-2A25-4C85-BFF2-0F1B7D28572F}.Debug|Any CPU.ActiveCfg = Debug|Any CPU
		{FFB07A6E-2A25-4C85-BFF2-0F1B7D28572F}.Debug|Any CPU.Build.0 = Debug|Any CPU
		{FFB07A6E-2A25-4C85-BFF2-0F1B7D28572F}.Release|Any CPU.ActiveCfg = Release|Any CPU
		{FFB07A6E-2A25-4C85-BFF2-0F1B7D28572F}.Release|Any CPU.Build.0 = Release|Any CPU
		{D6BB5F07-C8FF-40F2-AFBD-4195665581CF}.Debug|Any CPU.ActiveCfg = Debug|Any CPU
		{D6BB5F07-C8FF-40F2-AFBD-4195665581CF}.Debug|Any CPU.Build.0 = Debug|Any CPU
		{D6BB5F07-C8FF-40F2-AFBD-4195665581CF}.Release|Any CPU.ActiveCfg = Release|Any CPU
		{D6BB5F07-C8FF-40F2-AFBD-4195665581CF}.Release|Any CPU.Build.0 = Release|Any CPU
		{5AF34C4B-B1F1-4DC8-903F-C55FDDC05065}.Debug|Any CPU.ActiveCfg = Debug|Any CPU
		{5AF34C4B-B1F1-4DC8-903F-C55FDDC05065}.Debug|Any CPU.Build.0 = Debug|Any CPU
		{5AF34C4B-B1F1-4DC8-903F-C55FDDC05065}.Release|Any CPU.ActiveCfg = Release|Any CPU
		{5AF34C4B-B1F1-4DC8-903F-C55FDDC05065}.Release|Any CPU.Build.0 = Release|Any CPU
		{D621EA7A-37D7-4962-B27C-5418506F103A}.Debug|Any CPU.ActiveCfg = Debug|Any CPU
		{D621EA7A-37D7-4962-B27C-5418506F103A}.Debug|Any CPU.Build.0 = Debug|Any CPU
		{D621EA7A-37D7-4962-B27C-5418506F103A}.Release|Any CPU.ActiveCfg = Release|Any CPU
		{D621EA7A-37D7-4962-B27C-5418506F103A}.Release|Any CPU.Build.0 = Release|Any CPU
		{0CCEA56A-7202-46E5-8613-D215FBC786FF}.Debug|Any CPU.ActiveCfg = Debug|Any CPU
		{0CCEA56A-7202-46E5-8613-D215FBC786FF}.Debug|Any CPU.Build.0 = Debug|Any CPU
		{0CCEA56A-7202-46E5-8613-D215FBC786FF}.Release|Any CPU.ActiveCfg = Release|Any CPU
		{0CCEA56A-7202-46E5-8613-D215FBC786FF}.Release|Any CPU.Build.0 = Release|Any CPU
		{21931A15-E33B-44A8-B5A0-4AE0415ABA48}.Debug|Any CPU.ActiveCfg = Debug|Any CPU
		{21931A15-E33B-44A8-B5A0-4AE0415ABA48}.Debug|Any CPU.Build.0 = Debug|Any CPU
		{21931A15-E33B-44A8-B5A0-4AE0415ABA48}.Release|Any CPU.ActiveCfg = Release|Any CPU
		{21931A15-E33B-44A8-B5A0-4AE0415ABA48}.Release|Any CPU.Build.0 = Release|Any CPU
		{5A971DF3-8C1C-4CA2-BB48-9A7DB6D91BFC}.Debug|Any CPU.ActiveCfg = Debug|Any CPU
		{5A971DF3-8C1C-4CA2-BB48-9A7DB6D91BFC}.Debug|Any CPU.Build.0 = Debug|Any CPU
		{5A971DF3-8C1C-4CA2-BB48-9A7DB6D91BFC}.Release|Any CPU.ActiveCfg = Release|Any CPU
		{5A971DF3-8C1C-4CA2-BB48-9A7DB6D91BFC}.Release|Any CPU.Build.0 = Release|Any CPU
		{53EFFAD3-DD71-4EFA-9E8D-72CE16B6AAD7}.Debug|Any CPU.ActiveCfg = Debug|Any CPU
		{53EFFAD3-DD71-4EFA-9E8D-72CE16B6AAD7}.Debug|Any CPU.Build.0 = Debug|Any CPU
		{53EFFAD3-DD71-4EFA-9E8D-72CE16B6AAD7}.Release|Any CPU.ActiveCfg = Release|Any CPU
		{53EFFAD3-DD71-4EFA-9E8D-72CE16B6AAD7}.Release|Any CPU.Build.0 = Release|Any CPU
		{B6814683-3108-49A9-99AB-FBDE09DFA43E}.Debug|Any CPU.ActiveCfg = Debug|Any CPU
		{B6814683-3108-49A9-99AB-FBDE09DFA43E}.Debug|Any CPU.Build.0 = Debug|Any CPU
		{B6814683-3108-49A9-99AB-FBDE09DFA43E}.Release|Any CPU.ActiveCfg = Release|Any CPU
		{B6814683-3108-49A9-99AB-FBDE09DFA43E}.Release|Any CPU.Build.0 = Release|Any CPU
	EndGlobalSection
	GlobalSection(SolutionProperties) = preSolution
		HideSolutionNode = FALSE
	EndGlobalSection
	GlobalSection(ExtensibilityGlobals) = postSolution
		SolutionGuid = {06732B9D-A5FA-4CDC-8530-F16BD8FED50B}
	EndGlobalSection
EndGlobal
